// !$*UTF8*$!
{
	archiveVersion = 1;
	classes = {
	};
	objectVersion = 55;
	objects = {

/* Begin PBXBuildFile section */
		FB09260427E25130001D6831 /* AppDelegate.swift in Sources */ = {isa = PBXBuildFile; fileRef = FB09260327E25130001D6831 /* AppDelegate.swift */; };
		FB09260627E25130001D6831 /* SceneDelegate.swift in Sources */ = {isa = PBXBuildFile; fileRef = FB09260527E25130001D6831 /* SceneDelegate.swift */; };
		FB09260827E25130001D6831 /* PhotosViewController.swift in Sources */ = {isa = PBXBuildFile; fileRef = FB09260727E25130001D6831 /* PhotosViewController.swift */; };
		FB09260B27E25130001D6831 /* Main.storyboard in Resources */ = {isa = PBXBuildFile; fileRef = FB09260927E25130001D6831 /* Main.storyboard */; };
		FB09260D27E25132001D6831 /* Assets.xcassets in Resources */ = {isa = PBXBuildFile; fileRef = FB09260C27E25132001D6831 /* Assets.xcassets */; };
		FB09261027E25132001D6831 /* LaunchScreen.storyboard in Resources */ = {isa = PBXBuildFile; fileRef = FB09260E27E25132001D6831 /* LaunchScreen.storyboard */; };
		FB09261B27E25132001D6831 /* PhotoramaTests.swift in Sources */ = {isa = PBXBuildFile; fileRef = FB09261A27E25132001D6831 /* PhotoramaTests.swift */; };
		FB09262527E25133001D6831 /* PhotoramaUITests.swift in Sources */ = {isa = PBXBuildFile; fileRef = FB09262427E25133001D6831 /* PhotoramaUITests.swift */; };
		FB09262727E25133001D6831 /* PhotoramaUITestsLaunchTests.swift in Sources */ = {isa = PBXBuildFile; fileRef = FB09262627E25133001D6831 /* PhotoramaUITestsLaunchTests.swift */; };
		FB77993927FB1CA8007E97F5 /* PhotoDataSource.swift in Sources */ = {isa = PBXBuildFile; fileRef = FB77993827FB1CA8007E97F5 /* PhotoDataSource.swift */; };
		FB77993B27FB40D7007E97F5 /* PhotoCollectionViewCell.swift in Sources */ = {isa = PBXBuildFile; fileRef = FB77993A27FB40D7007E97F5 /* PhotoCollectionViewCell.swift */; };
		FB7799A72801F7D9007E97F5 /* ImageStore.swift in Sources */ = {isa = PBXBuildFile; fileRef = FB7799A62801F7D9007E97F5 /* ImageStore.swift */; };
		FB7799A928020120007E97F5 /* PhotoInfoViewController.swift in Sources */ = {isa = PBXBuildFile; fileRef = FB7799A828020120007E97F5 /* PhotoInfoViewController.swift */; };
		FB7799D92809D4F8007E97F5 /* Photorama.xcdatamodeld in Sources */ = {isa = PBXBuildFile; fileRef = FB7799D72809D4F8007E97F5 /* Photorama.xcdatamodeld */; };
		FB7799DC2809D6AA007E97F5 /* Photo+CoreDataClass.swift in Sources */ = {isa = PBXBuildFile; fileRef = FB7799DA2809D6AA007E97F5 /* Photo+CoreDataClass.swift */; };
		FB7799DD2809D6AA007E97F5 /* Photo+CoreDataProperties.swift in Sources */ = {isa = PBXBuildFile; fileRef = FB7799DB2809D6AA007E97F5 /* Photo+CoreDataProperties.swift */; };
		FBCD640C27E257710000829D /* FlickrAPI.swift in Sources */ = {isa = PBXBuildFile; fileRef = FBCD640B27E257710000829D /* FlickrAPI.swift */; };
		FBCD640E27E38C170000829D /* PhotoStore.swift in Sources */ = {isa = PBXBuildFile; fileRef = FBCD640D27E38C170000829D /* PhotoStore.swift */; };
		FBCD641027E3D1460000829D /* FlickrPhoto.swift in Sources */ = {isa = PBXBuildFile; fileRef = FBCD640F27E3D1460000829D /* FlickrPhoto.swift */; };
/* End PBXBuildFile section */

/* Begin PBXContainerItemProxy section */
		FB09261727E25132001D6831 /* PBXContainerItemProxy */ = {
			isa = PBXContainerItemProxy;
			containerPortal = FB0925F827E25130001D6831 /* Project object */;
			proxyType = 1;
			remoteGlobalIDString = FB0925FF27E25130001D6831;
			remoteInfo = Photorama;
		};
		FB09262127E25132001D6831 /* PBXContainerItemProxy */ = {
			isa = PBXContainerItemProxy;
			containerPortal = FB0925F827E25130001D6831 /* Project object */;
			proxyType = 1;
			remoteGlobalIDString = FB0925FF27E25130001D6831;
			remoteInfo = Photorama;
		};
/* End PBXContainerItemProxy section */

/* Begin PBXFileReference section */
		FB09260027E25130001D6831 /* Photorama.app */ = {isa = PBXFileReference; explicitFileType = wrapper.application; includeInIndex = 0; path = Photorama.app; sourceTree = BUILT_PRODUCTS_DIR; };
		FB09260327E25130001D6831 /* AppDelegate.swift */ = {isa = PBXFileReference; lastKnownFileType = sourcecode.swift; path = AppDelegate.swift; sourceTree = "<group>"; };
		FB09260527E25130001D6831 /* SceneDelegate.swift */ = {isa = PBXFileReference; lastKnownFileType = sourcecode.swift; path = SceneDelegate.swift; sourceTree = "<group>"; };
		FB09260727E25130001D6831 /* PhotosViewController.swift */ = {isa = PBXFileReference; lastKnownFileType = sourcecode.swift; path = PhotosViewController.swift; sourceTree = "<group>"; };
		FB09260A27E25130001D6831 /* Base */ = {isa = PBXFileReference; lastKnownFileType = file.storyboard; name = Base; path = Base.lproj/Main.storyboard; sourceTree = "<group>"; };
		FB09260C27E25132001D6831 /* Assets.xcassets */ = {isa = PBXFileReference; lastKnownFileType = folder.assetcatalog; path = Assets.xcassets; sourceTree = "<group>"; };
		FB09260F27E25132001D6831 /* Base */ = {isa = PBXFileReference; lastKnownFileType = file.storyboard; name = Base; path = Base.lproj/LaunchScreen.storyboard; sourceTree = "<group>"; };
		FB09261127E25132001D6831 /* Info.plist */ = {isa = PBXFileReference; lastKnownFileType = text.plist.xml; path = Info.plist; sourceTree = "<group>"; };
		FB09261627E25132001D6831 /* PhotoramaTests.xctest */ = {isa = PBXFileReference; explicitFileType = wrapper.cfbundle; includeInIndex = 0; path = PhotoramaTests.xctest; sourceTree = BUILT_PRODUCTS_DIR; };
		FB09261A27E25132001D6831 /* PhotoramaTests.swift */ = {isa = PBXFileReference; lastKnownFileType = sourcecode.swift; path = PhotoramaTests.swift; sourceTree = "<group>"; };
		FB09262027E25132001D6831 /* PhotoramaUITests.xctest */ = {isa = PBXFileReference; explicitFileType = wrapper.cfbundle; includeInIndex = 0; path = PhotoramaUITests.xctest; sourceTree = BUILT_PRODUCTS_DIR; };
		FB09262427E25133001D6831 /* PhotoramaUITests.swift */ = {isa = PBXFileReference; lastKnownFileType = sourcecode.swift; path = PhotoramaUITests.swift; sourceTree = "<group>"; };
		FB09262627E25133001D6831 /* PhotoramaUITestsLaunchTests.swift */ = {isa = PBXFileReference; lastKnownFileType = sourcecode.swift; path = PhotoramaUITestsLaunchTests.swift; sourceTree = "<group>"; };
		FB77993827FB1CA8007E97F5 /* PhotoDataSource.swift */ = {isa = PBXFileReference; lastKnownFileType = sourcecode.swift; path = PhotoDataSource.swift; sourceTree = "<group>"; };
		FB77993A27FB40D7007E97F5 /* PhotoCollectionViewCell.swift */ = {isa = PBXFileReference; lastKnownFileType = sourcecode.swift; path = PhotoCollectionViewCell.swift; sourceTree = "<group>"; };
		FB7799A62801F7D9007E97F5 /* ImageStore.swift */ = {isa = PBXFileReference; fileEncoding = 4; lastKnownFileType = sourcecode.swift; path = ImageStore.swift; sourceTree = "<group>"; };
		FB7799A828020120007E97F5 /* PhotoInfoViewController.swift */ = {isa = PBXFileReference; lastKnownFileType = sourcecode.swift; path = PhotoInfoViewController.swift; sourceTree = "<group>"; };
		FB7799D82809D4F8007E97F5 /* Photorama.xcdatamodel */ = {isa = PBXFileReference; lastKnownFileType = wrapper.xcdatamodel; path = Photorama.xcdatamodel; sourceTree = "<group>"; };
		FB7799DA2809D6AA007E97F5 /* Photo+CoreDataClass.swift */ = {isa = PBXFileReference; lastKnownFileType = sourcecode.swift; path = "Photo+CoreDataClass.swift"; sourceTree = "<group>"; };
		FB7799DB2809D6AA007E97F5 /* Photo+CoreDataProperties.swift */ = {isa = PBXFileReference; lastKnownFileType = sourcecode.swift; path = "Photo+CoreDataProperties.swift"; sourceTree = "<group>"; };
		FBCD640B27E257710000829D /* FlickrAPI.swift */ = {isa = PBXFileReference; lastKnownFileType = sourcecode.swift; path = FlickrAPI.swift; sourceTree = "<group>"; };
		FBCD640D27E38C170000829D /* PhotoStore.swift */ = {isa = PBXFileReference; lastKnownFileType = sourcecode.swift; path = PhotoStore.swift; sourceTree = "<group>"; };
		FBCD640F27E3D1460000829D /* FlickrPhoto.swift */ = {isa = PBXFileReference; lastKnownFileType = sourcecode.swift; path = FlickrPhoto.swift; sourceTree = "<group>"; };
/* End PBXFileReference section */

/* Begin PBXFrameworksBuildPhase section */
		FB0925FD27E25130001D6831 /* Frameworks */ = {
			isa = PBXFrameworksBuildPhase;
			buildActionMask = 2147483647;
			files = (
			);
			runOnlyForDeploymentPostprocessing = 0;
		};
		FB09261327E25132001D6831 /* Frameworks */ = {
			isa = PBXFrameworksBuildPhase;
			buildActionMask = 2147483647;
			files = (
			);
			runOnlyForDeploymentPostprocessing = 0;
		};
		FB09261D27E25132001D6831 /* Frameworks */ = {
			isa = PBXFrameworksBuildPhase;
			buildActionMask = 2147483647;
			files = (
			);
			runOnlyForDeploymentPostprocessing = 0;
		};
/* End PBXFrameworksBuildPhase section */

/* Begin PBXGroup section */
		FB0925F727E25130001D6831 = {
			isa = PBXGroup;
			children = (
				FB7799DA2809D6AA007E97F5 /* Photo+CoreDataClass.swift */,
				FB7799DB2809D6AA007E97F5 /* Photo+CoreDataProperties.swift */,
				FB7799D72809D4F8007E97F5 /* Photorama.xcdatamodeld */,
				FB09260227E25130001D6831 /* Photorama */,
				FB09261927E25132001D6831 /* PhotoramaTests */,
				FB09262327E25132001D6831 /* PhotoramaUITests */,
				FB09260127E25130001D6831 /* Products */,
			);
			sourceTree = "<group>";
		};
		FB09260127E25130001D6831 /* Products */ = {
			isa = PBXGroup;
			children = (
				FB09260027E25130001D6831 /* Photorama.app */,
				FB09261627E25132001D6831 /* PhotoramaTests.xctest */,
				FB09262027E25132001D6831 /* PhotoramaUITests.xctest */,
			);
			name = Products;
			sourceTree = "<group>";
		};
		FB09260227E25130001D6831 /* Photorama */ = {
			isa = PBXGroup;
			children = (
				FB09260327E25130001D6831 /* AppDelegate.swift */,
				FB09260527E25130001D6831 /* SceneDelegate.swift */,
				FB09260727E25130001D6831 /* PhotosViewController.swift */,
				FB09260927E25130001D6831 /* Main.storyboard */,
				FB77993A27FB40D7007E97F5 /* PhotoCollectionViewCell.swift */,
				FB77993827FB1CA8007E97F5 /* PhotoDataSource.swift */,
				FB7799A62801F7D9007E97F5 /* ImageStore.swift */,
				FBCD640B27E257710000829D /* FlickrAPI.swift */,
				FBCD640D27E38C170000829D /* PhotoStore.swift */,
				FB7799A828020120007E97F5 /* PhotoInfoViewController.swift */,
				FBCD640F27E3D1460000829D /* FlickrPhoto.swift */,
				FB09260C27E25132001D6831 /* Assets.xcassets */,
				FB09260E27E25132001D6831 /* LaunchScreen.storyboard */,
				FB09261127E25132001D6831 /* Info.plist */,
			);
			path = Photorama;
			sourceTree = "<group>";
		};
		FB09261927E25132001D6831 /* PhotoramaTests */ = {
			isa = PBXGroup;
			children = (
				FB09261A27E25132001D6831 /* PhotoramaTests.swift */,
			);
			path = PhotoramaTests;
			sourceTree = "<group>";
		};
		FB09262327E25132001D6831 /* PhotoramaUITests */ = {
			isa = PBXGroup;
			children = (
				FB09262427E25133001D6831 /* PhotoramaUITests.swift */,
				FB09262627E25133001D6831 /* PhotoramaUITestsLaunchTests.swift */,
			);
			path = PhotoramaUITests;
			sourceTree = "<group>";
		};
/* End PBXGroup section */

/* Begin PBXNativeTarget section */
		FB0925FF27E25130001D6831 /* Photorama */ = {
			isa = PBXNativeTarget;
			buildConfigurationList = FB09262A27E25133001D6831 /* Build configuration list for PBXNativeTarget "Photorama" */;
			buildPhases = (
				FB0925FC27E25130001D6831 /* Sources */,
				FB0925FD27E25130001D6831 /* Frameworks */,
				FB0925FE27E25130001D6831 /* Resources */,
			);
			buildRules = (
			);
			dependencies = (
			);
			name = Photorama;
			productName = Photorama;
			productReference = FB09260027E25130001D6831 /* Photorama.app */;
			productType = "com.apple.product-type.application";
		};
		FB09261527E25132001D6831 /* PhotoramaTests */ = {
			isa = PBXNativeTarget;
			buildConfigurationList = FB09262D27E25133001D6831 /* Build configuration list for PBXNativeTarget "PhotoramaTests" */;
			buildPhases = (
				FB09261227E25132001D6831 /* Sources */,
				FB09261327E25132001D6831 /* Frameworks */,
				FB09261427E25132001D6831 /* Resources */,
			);
			buildRules = (
			);
			dependencies = (
				FB09261827E25132001D6831 /* PBXTargetDependency */,
			);
			name = PhotoramaTests;
			productName = PhotoramaTests;
			productReference = FB09261627E25132001D6831 /* PhotoramaTests.xctest */;
			productType = "com.apple.product-type.bundle.unit-test";
		};
		FB09261F27E25132001D6831 /* PhotoramaUITests */ = {
			isa = PBXNativeTarget;
			buildConfigurationList = FB09263027E25133001D6831 /* Build configuration list for PBXNativeTarget "PhotoramaUITests" */;
			buildPhases = (
				FB09261C27E25132001D6831 /* Sources */,
				FB09261D27E25132001D6831 /* Frameworks */,
				FB09261E27E25132001D6831 /* Resources */,
			);
			buildRules = (
			);
			dependencies = (
				FB09262227E25132001D6831 /* PBXTargetDependency */,
			);
			name = PhotoramaUITests;
			productName = PhotoramaUITests;
			productReference = FB09262027E25132001D6831 /* PhotoramaUITests.xctest */;
			productType = "com.apple.product-type.bundle.ui-testing";
		};
/* End PBXNativeTarget section */

/* Begin PBXProject section */
		FB0925F827E25130001D6831 /* Project object */ = {
			isa = PBXProject;
			attributes = {
				BuildIndependentTargetsInParallel = 1;
				LastSwiftUpdateCheck = 1310;
				LastUpgradeCheck = 1310;
				TargetAttributes = {
					FB0925FF27E25130001D6831 = {
						CreatedOnToolsVersion = 13.1;
					};
					FB09261527E25132001D6831 = {
						CreatedOnToolsVersion = 13.1;
						TestTargetID = FB0925FF27E25130001D6831;
					};
					FB09261F27E25132001D6831 = {
						CreatedOnToolsVersion = 13.1;
						TestTargetID = FB0925FF27E25130001D6831;
					};
				};
			};
			buildConfigurationList = FB0925FB27E25130001D6831 /* Build configuration list for PBXProject "Photorama" */;
			compatibilityVersion = "Xcode 13.0";
			developmentRegion = en;
			hasScannedForEncodings = 0;
			knownRegions = (
				en,
				Base,
			);
			mainGroup = FB0925F727E25130001D6831;
			productRefGroup = FB09260127E25130001D6831 /* Products */;
			projectDirPath = "";
			projectRoot = "";
			targets = (
				FB0925FF27E25130001D6831 /* Photorama */,
				FB09261527E25132001D6831 /* PhotoramaTests */,
				FB09261F27E25132001D6831 /* PhotoramaUITests */,
			);
		};
/* End PBXProject section */

/* Begin PBXResourcesBuildPhase section */
		FB0925FE27E25130001D6831 /* Resources */ = {
			isa = PBXResourcesBuildPhase;
			buildActionMask = 2147483647;
			files = (
				FB09261027E25132001D6831 /* LaunchScreen.storyboard in Resources */,
				FB09260D27E25132001D6831 /* Assets.xcassets in Resources */,
				FB09260B27E25130001D6831 /* Main.storyboard in Resources */,
			);
			runOnlyForDeploymentPostprocessing = 0;
		};
		FB09261427E25132001D6831 /* Resources */ = {
			isa = PBXResourcesBuildPhase;
			buildActionMask = 2147483647;
			files = (
			);
			runOnlyForDeploymentPostprocessing = 0;
		};
		FB09261E27E25132001D6831 /* Resources */ = {
			isa = PBXResourcesBuildPhase;
			buildActionMask = 2147483647;
			files = (
			);
			runOnlyForDeploymentPostprocessing = 0;
		};
/* End PBXResourcesBuildPhase section */

/* Begin PBXSourcesBuildPhase section */
		FB0925FC27E25130001D6831 /* Sources */ = {
			isa = PBXSourcesBuildPhase;
			buildActionMask = 2147483647;
			files = (
				FBCD641027E3D1460000829D /* FlickrPhoto.swift in Sources */,
				FB7799DD2809D6AA007E97F5 /* Photo+CoreDataProperties.swift in Sources */,
				FB7799A928020120007E97F5 /* PhotoInfoViewController.swift in Sources */,
				FB77993B27FB40D7007E97F5 /* PhotoCollectionViewCell.swift in Sources */,
				FB77993927FB1CA8007E97F5 /* PhotoDataSource.swift in Sources */,
				FBCD640E27E38C170000829D /* PhotoStore.swift in Sources */,
				FB09260827E25130001D6831 /* PhotosViewController.swift in Sources */,
				FB7799DC2809D6AA007E97F5 /* Photo+CoreDataClass.swift in Sources */,
				FB7799A72801F7D9007E97F5 /* ImageStore.swift in Sources */,
				FB7799D92809D4F8007E97F5 /* Photorama.xcdatamodeld in Sources */,
				FB09260427E25130001D6831 /* AppDelegate.swift in Sources */,
				FB09260627E25130001D6831 /* SceneDelegate.swift in Sources */,
				FBCD640C27E257710000829D /* FlickrAPI.swift in Sources */,
			);
			runOnlyForDeploymentPostprocessing = 0;
		};
		FB09261227E25132001D6831 /* Sources */ = {
			isa = PBXSourcesBuildPhase;
			buildActionMask = 2147483647;
			files = (
				FB09261B27E25132001D6831 /* PhotoramaTests.swift in Sources */,
			);
			runOnlyForDeploymentPostprocessing = 0;
		};
		FB09261C27E25132001D6831 /* Sources */ = {
			isa = PBXSourcesBuildPhase;
			buildActionMask = 2147483647;
			files = (
				FB09262727E25133001D6831 /* PhotoramaUITestsLaunchTests.swift in Sources */,
				FB09262527E25133001D6831 /* PhotoramaUITests.swift in Sources */,
			);
			runOnlyForDeploymentPostprocessing = 0;
		};
/* End PBXSourcesBuildPhase section */

/* Begin PBXTargetDependency section */
		FB09261827E25132001D6831 /* PBXTargetDependency */ = {
			isa = PBXTargetDependency;
			target = FB0925FF27E25130001D6831 /* Photorama */;
			targetProxy = FB09261727E25132001D6831 /* PBXContainerItemProxy */;
		};
		FB09262227E25132001D6831 /* PBXTargetDependency */ = {
			isa = PBXTargetDependency;
			target = FB0925FF27E25130001D6831 /* Photorama */;
			targetProxy = FB09262127E25132001D6831 /* PBXContainerItemProxy */;
		};
/* End PBXTargetDependency section */

/* Begin PBXVariantGroup section */
		FB09260927E25130001D6831 /* Main.storyboard */ = {
			isa = PBXVariantGroup;
			children = (
				FB09260A27E25130001D6831 /* Base */,
			);
			name = Main.storyboard;
			sourceTree = "<group>";
		};
		FB09260E27E25132001D6831 /* LaunchScreen.storyboard */ = {
			isa = PBXVariantGroup;
			children = (
				FB09260F27E25132001D6831 /* Base */,
			);
			name = LaunchScreen.storyboard;
			sourceTree = "<group>";
		};
/* End PBXVariantGroup section */

/* Begin XCBuildConfiguration section */
		FB09262827E25133001D6831 /* Debug */ = {
			isa = XCBuildConfiguration;
			buildSettings = {
				ALWAYS_SEARCH_USER_PATHS = NO;
				CLANG_ANALYZER_NONNULL = YES;
				CLANG_ANALYZER_NUMBER_OBJECT_CONVERSION = YES_AGGRESSIVE;
				CLANG_CXX_LANGUAGE_STANDARD = "gnu++17";
				CLANG_CXX_LIBRARY = "libc++";
				CLANG_ENABLE_MODULES = YES;
				CLANG_ENABLE_OBJC_ARC = YES;
				CLANG_ENABLE_OBJC_WEAK = YES;
				CLANG_WARN_BLOCK_CAPTURE_AUTORELEASING = YES;
				CLANG_WARN_BOOL_CONVERSION = YES;
				CLANG_WARN_COMMA = YES;
				CLANG_WARN_CONSTANT_CONVERSION = YES;
				CLANG_WARN_DEPRECATED_OBJC_IMPLEMENTATIONS = YES;
				CLANG_WARN_DIRECT_OBJC_ISA_USAGE = YES_ERROR;
				CLANG_WARN_DOCUMENTATION_COMMENTS = YES;
				CLANG_WARN_EMPTY_BODY = YES;
				CLANG_WARN_ENUM_CONVERSION = YES;
				CLANG_WARN_INFINITE_RECURSION = YES;
				CLANG_WARN_INT_CONVERSION = YES;
				CLANG_WARN_NON_LITERAL_NULL_CONVERSION = YES;
				CLANG_WARN_OBJC_IMPLICIT_RETAIN_SELF = YES;
				CLANG_WARN_OBJC_LITERAL_CONVERSION = YES;
				CLANG_WARN_OBJC_ROOT_CLASS = YES_ERROR;
				CLANG_WARN_QUOTED_INCLUDE_IN_FRAMEWORK_HEADER = YES;
				CLANG_WARN_RANGE_LOOP_ANALYSIS = YES;
				CLANG_WARN_STRICT_PROTOTYPES = YES;
				CLANG_WARN_SUSPICIOUS_MOVE = YES;
				CLANG_WARN_UNGUARDED_AVAILABILITY = YES_AGGRESSIVE;
				CLANG_WARN_UNREACHABLE_CODE = YES;
				CLANG_WARN__DUPLICATE_METHOD_MATCH = YES;
				COPY_PHASE_STRIP = NO;
				DEBUG_INFORMATION_FORMAT = dwarf;
				ENABLE_STRICT_OBJC_MSGSEND = YES;
				ENABLE_TESTABILITY = YES;
				GCC_C_LANGUAGE_STANDARD = gnu11;
				GCC_DYNAMIC_NO_PIC = NO;
				GCC_NO_COMMON_BLOCKS = YES;
				GCC_OPTIMIZATION_LEVEL = 0;
				GCC_PREPROCESSOR_DEFINITIONS = (
					"DEBUG=1",
					"$(inherited)",
				);
				GCC_WARN_64_TO_32_BIT_CONVERSION = YES;
				GCC_WARN_ABOUT_RETURN_TYPE = YES_ERROR;
				GCC_WARN_UNDECLARED_SELECTOR = YES;
				GCC_WARN_UNINITIALIZED_AUTOS = YES_AGGRESSIVE;
				GCC_WARN_UNUSED_FUNCTION = YES;
				GCC_WARN_UNUSED_VARIABLE = YES;
				IPHONEOS_DEPLOYMENT_TARGET = 15.0;
				MTL_ENABLE_DEBUG_INFO = INCLUDE_SOURCE;
				MTL_FAST_MATH = YES;
				ONLY_ACTIVE_ARCH = YES;
				SDKROOT = iphoneos;
				SWIFT_ACTIVE_COMPILATION_CONDITIONS = DEBUG;
				SWIFT_OPTIMIZATION_LEVEL = "-Onone";
			};
			name = Debug;
		};
		FB09262927E25133001D6831 /* Release */ = {
			isa = XCBuildConfiguration;
			buildSettings = {
				ALWAYS_SEARCH_USER_PATHS = NO;
				CLANG_ANALYZER_NONNULL = YES;
				CLANG_ANALYZER_NUMBER_OBJECT_CONVERSION = YES_AGGRESSIVE;
				CLANG_CXX_LANGUAGE_STANDARD = "gnu++17";
				CLANG_CXX_LIBRARY = "libc++";
				CLANG_ENABLE_MODULES = YES;
				CLANG_ENABLE_OBJC_ARC = YES;
				CLANG_ENABLE_OBJC_WEAK = YES;
				CLANG_WARN_BLOCK_CAPTURE_AUTORELEASING = YES;
				CLANG_WARN_BOOL_CONVERSION = YES;
				CLANG_WARN_COMMA = YES;
				CLANG_WARN_CONSTANT_CONVERSION = YES;
				CLANG_WARN_DEPRECATED_OBJC_IMPLEMENTATIONS = YES;
				CLANG_WARN_DIRECT_OBJC_ISA_USAGE = YES_ERROR;
				CLANG_WARN_DOCUMENTATION_COMMENTS = YES;
				CLANG_WARN_EMPTY_BODY = YES;
				CLANG_WARN_ENUM_CONVERSION = YES;
				CLANG_WARN_INFINITE_RECURSION = YES;
				CLANG_WARN_INT_CONVERSION = YES;
				CLANG_WARN_NON_LITERAL_NULL_CONVERSION = YES;
				CLANG_WARN_OBJC_IMPLICIT_RETAIN_SELF = YES;
				CLANG_WARN_OBJC_LITERAL_CONVERSION = YES;
				CLANG_WARN_OBJC_ROOT_CLASS = YES_ERROR;
				CLANG_WARN_QUOTED_INCLUDE_IN_FRAMEWORK_HEADER = YES;
				CLANG_WARN_RANGE_LOOP_ANALYSIS = YES;
				CLANG_WARN_STRICT_PROTOTYPES = YES;
				CLANG_WARN_SUSPICIOUS_MOVE = YES;
				CLANG_WARN_UNGUARDED_AVAILABILITY = YES_AGGRESSIVE;
				CLANG_WARN_UNREACHABLE_CODE = YES;
				CLANG_WARN__DUPLICATE_METHOD_MATCH = YES;
				COPY_PHASE_STRIP = NO;
				DEBUG_INFORMATION_FORMAT = "dwarf-with-dsym";
				ENABLE_NS_ASSERTIONS = NO;
				ENABLE_STRICT_OBJC_MSGSEND = YES;
				GCC_C_LANGUAGE_STANDARD = gnu11;
				GCC_NO_COMMON_BLOCKS = YES;
				GCC_WARN_64_TO_32_BIT_CONVERSION = YES;
				GCC_WARN_ABOUT_RETURN_TYPE = YES_ERROR;
				GCC_WARN_UNDECLARED_SELECTOR = YES;
				GCC_WARN_UNINITIALIZED_AUTOS = YES_AGGRESSIVE;
				GCC_WARN_UNUSED_FUNCTION = YES;
				GCC_WARN_UNUSED_VARIABLE = YES;
				IPHONEOS_DEPLOYMENT_TARGET = 15.0;
				MTL_ENABLE_DEBUG_INFO = NO;
				MTL_FAST_MATH = YES;
				SDKROOT = iphoneos;
				SWIFT_COMPILATION_MODE = wholemodule;
				SWIFT_OPTIMIZATION_LEVEL = "-O";
				VALIDATE_PRODUCT = YES;
			};
			name = Release;
		};
		FB09262B27E25133001D6831 /* Debug */ = {
			isa = XCBuildConfiguration;
			buildSettings = {
				ASSETCATALOG_COMPILER_APPICON_NAME = AppIcon;
				ASSETCATALOG_COMPILER_GLOBAL_ACCENT_COLOR_NAME = AccentColor;
				CODE_SIGN_STYLE = Automatic;
				CURRENT_PROJECT_VERSION = 1;
				DEVELOPMENT_TEAM = 9UB7ZHBJQ4;
				GENERATE_INFOPLIST_FILE = YES;
				INFOPLIST_FILE = Photorama/Info.plist;
				INFOPLIST_KEY_UIApplicationSupportsIndirectInputEvents = YES;
				INFOPLIST_KEY_UILaunchStoryboardName = LaunchScreen;
				INFOPLIST_KEY_UIMainStoryboardFile = Main;
				INFOPLIST_KEY_UISupportedInterfaceOrientations_iPad = "UIInterfaceOrientationPortrait UIInterfaceOrientationPortraitUpsideDown UIInterfaceOrientationLandscapeLeft UIInterfaceOrientationLandscapeRight";
				INFOPLIST_KEY_UISupportedInterfaceOrientations_iPhone = "UIInterfaceOrientationPortrait UIInterfaceOrientationLandscapeLeft UIInterfaceOrientationLandscapeRight";
				LD_RUNPATH_SEARCH_PATHS = (
					"$(inherited)",
					"@executable_path/Frameworks",
				);
				MARKETING_VERSION = 1.0;
				PRODUCT_BUNDLE_IDENTIFIER = com.denizcengiz.Photorama;
				PRODUCT_NAME = "$(TARGET_NAME)";
				SWIFT_EMIT_LOC_STRINGS = YES;
				SWIFT_VERSION = 5.0;
				TARGETED_DEVICE_FAMILY = "1,2";
			};
			name = Debug;
		};
		FB09262C27E25133001D6831 /* Release */ = {
			isa = XCBuildConfiguration;
			buildSettings = {
				ASSETCATALOG_COMPILER_APPICON_NAME = AppIcon;
				ASSETCATALOG_COMPILER_GLOBAL_ACCENT_COLOR_NAME = AccentColor;
				CODE_SIGN_STYLE = Automatic;
				CURRENT_PROJECT_VERSION = 1;
				DEVELOPMENT_TEAM = 9UB7ZHBJQ4;
				GENERATE_INFOPLIST_FILE = YES;
				INFOPLIST_FILE = Photorama/Info.plist;
				INFOPLIST_KEY_UIApplicationSupportsIndirectInputEvents = YES;
				INFOPLIST_KEY_UILaunchStoryboardName = LaunchScreen;
				INFOPLIST_KEY_UIMainStoryboardFile = Main;
				INFOPLIST_KEY_UISupportedInterfaceOrientations_iPad = "UIInterfaceOrientationPortrait UIInterfaceOrientationPortraitUpsideDown UIInterfaceOrientationLandscapeLeft UIInterfaceOrientationLandscapeRight";
				INFOPLIST_KEY_UISupportedInterfaceOrientations_iPhone = "UIInterfaceOrientationPortrait UIInterfaceOrientationLandscapeLeft UIInterfaceOrientationLandscapeRight";
				LD_RUNPATH_SEARCH_PATHS = (
					"$(inherited)",
					"@executable_path/Frameworks",
				);
				MARKETING_VERSION = 1.0;
				PRODUCT_BUNDLE_IDENTIFIER = com.denizcengiz.Photorama;
				PRODUCT_NAME = "$(TARGET_NAME)";
				SWIFT_EMIT_LOC_STRINGS = YES;
				SWIFT_VERSION = 5.0;
				TARGETED_DEVICE_FAMILY = "1,2";
			};
			name = Release;
		};
		FB09262E27E25133001D6831 /* Debug */ = {
			isa = XCBuildConfiguration;
			buildSettings = {
				ALWAYS_EMBED_SWIFT_STANDARD_LIBRARIES = YES;
				BUNDLE_LOADER = "$(TEST_HOST)";
				CODE_SIGN_STYLE = Automatic;
				CURRENT_PROJECT_VERSION = 1;
				DEVELOPMENT_TEAM = 9UB7ZHBJQ4;
				GENERATE_INFOPLIST_FILE = YES;
				IPHONEOS_DEPLOYMENT_TARGET = 15.0;
				LD_RUNPATH_SEARCH_PATHS = (
					"$(inherited)",
					"@executable_path/Frameworks",
					"@loader_path/Frameworks",
				);
				MARKETING_VERSION = 1.0;
				PRODUCT_BUNDLE_IDENTIFIER = com.denizcengiz.PhotoramaTests;
				PRODUCT_NAME = "$(TARGET_NAME)";
				SWIFT_EMIT_LOC_STRINGS = NO;
				SWIFT_VERSION = 5.0;
				TARGETED_DEVICE_FAMILY = "1,2";
				TEST_HOST = "$(BUILT_PRODUCTS_DIR)/Photorama.app/Photorama";
			};
			name = Debug;
		};
		FB09262F27E25133001D6831 /* Release */ = {
			isa = XCBuildConfiguration;
			buildSettings = {
				ALWAYS_EMBED_SWIFT_STANDARD_LIBRARIES = YES;
				BUNDLE_LOADER = "$(TEST_HOST)";
				CODE_SIGN_STYLE = Automatic;
				CURRENT_PROJECT_VERSION = 1;
				DEVELOPMENT_TEAM = 9UB7ZHBJQ4;
				GENERATE_INFOPLIST_FILE = YES;
				IPHONEOS_DEPLOYMENT_TARGET = 15.0;
				LD_RUNPATH_SEARCH_PATHS = (
					"$(inherited)",
					"@executable_path/Frameworks",
					"@loader_path/Frameworks",
				);
				MARKETING_VERSION = 1.0;
				PRODUCT_BUNDLE_IDENTIFIER = com.denizcengiz.PhotoramaTests;
				PRODUCT_NAME = "$(TARGET_NAME)";
				SWIFT_EMIT_LOC_STRINGS = NO;
				SWIFT_VERSION = 5.0;
				TARGETED_DEVICE_FAMILY = "1,2";
				TEST_HOST = "$(BUILT_PRODUCTS_DIR)/Photorama.app/Photorama";
			};
			name = Release;
		};
		FB09263127E25133001D6831 /* Debug */ = {
			isa = XCBuildConfiguration;
			buildSettings = {
				ALWAYS_EMBED_SWIFT_STANDARD_LIBRARIES = YES;
				CODE_SIGN_STYLE = Automatic;
				CURRENT_PROJECT_VERSION = 1;
				DEVELOPMENT_TEAM = 9UB7ZHBJQ4;
				GENERATE_INFOPLIST_FILE = YES;
				LD_RUNPATH_SEARCH_PATHS = (
					"$(inherited)",
					"@executable_path/Frameworks",
					"@loader_path/Frameworks",
				);
				MARKETING_VERSION = 1.0;
				PRODUCT_BUNDLE_IDENTIFIER = com.denizcengiz.PhotoramaUITests;
				PRODUCT_NAME = "$(TARGET_NAME)";
				SWIFT_EMIT_LOC_STRINGS = NO;
				SWIFT_VERSION = 5.0;
				TARGETED_DEVICE_FAMILY = "1,2";
				TEST_TARGET_NAME = Photorama;
			};
			name = Debug;
		};
		FB09263227E25133001D6831 /* Release */ = {
			isa = XCBuildConfiguration;
			buildSettings = {
				ALWAYS_EMBED_SWIFT_STANDARD_LIBRARIES = YES;
				CODE_SIGN_STYLE = Automatic;
				CURRENT_PROJECT_VERSION = 1;
				DEVELOPMENT_TEAM = 9UB7ZHBJQ4;
				GENERATE_INFOPLIST_FILE = YES;
				LD_RUNPATH_SEARCH_PATHS = (
					"$(inherited)",
					"@executable_path/Frameworks",
					"@loader_path/Frameworks",
				);
				MARKETING_VERSION = 1.0;
				PRODUCT_BUNDLE_IDENTIFIER = com.denizcengiz.PhotoramaUITests;
				PRODUCT_NAME = "$(TARGET_NAME)";
				SWIFT_EMIT_LOC_STRINGS = NO;
				SWIFT_VERSION = 5.0;
				TARGETED_DEVICE_FAMILY = "1,2";
				TEST_TARGET_NAME = Photorama;
			};
			name = Release;
		};
/* End XCBuildConfiguration section */

/* Begin XCConfigurationList section */
		FB0925FB27E25130001D6831 /* Build configuration list for PBXProject "Photorama" */ = {
			isa = XCConfigurationList;
			buildConfigurations = (
				FB09262827E25133001D6831 /* Debug */,
				FB09262927E25133001D6831 /* Release */,
			);
			defaultConfigurationIsVisible = 0;
			defaultConfigurationName = Release;
		};
		FB09262A27E25133001D6831 /* Build configuration list for PBXNativeTarget "Photorama" */ = {
			isa = XCConfigurationList;
			buildConfigurations = (
				FB09262B27E25133001D6831 /* Debug */,
				FB09262C27E25133001D6831 /* Release */,
			);
			defaultConfigurationIsVisible = 0;
			defaultConfigurationName = Release;
		};
		FB09262D27E25133001D6831 /* Build configuration list for PBXNativeTarget "PhotoramaTests" */ = {
			isa = XCConfigurationList;
			buildConfigurations = (
				FB09262E27E25133001D6831 /* Debug */,
				FB09262F27E25133001D6831 /* Release */,
			);
			defaultConfigurationIsVisible = 0;
			defaultConfigurationName = Release;
		};
		FB09263027E25133001D6831 /* Build configuration list for PBXNativeTarget "PhotoramaUITests" */ = {
			isa = XCConfigurationList;
			buildConfigurations = (
				FB09263127E25133001D6831 /* Debug */,
				FB09263227E25133001D6831 /* Release */,
			);
			defaultConfigurationIsVisible = 0;
			defaultConfigurationName = Release;
		};
/* End XCConfigurationList section */

/* Begin XCVersionGroup section */
		FB7799D72809D4F8007E97F5 /* Photorama.xcdatamodeld */ = {
			isa = XCVersionGroup;
			children = (
				FB7799D82809D4F8007E97F5 /* Photorama.xcdatamodel */,
			);
			currentVersion = FB7799D82809D4F8007E97F5 /* Photorama.xcdatamodel */;
			path = Photorama.xcdatamodeld;
			sourceTree = "<group>";
			versionGroupType = wrapper.xcdatamodel;
		};
/* End XCVersionGroup section */
	};
	rootObject = FB0925F827E25130001D6831 /* Project object */;
}
